{
    "_readme": [
        "This file locks the dependencies of your project to a known state",
        "Read more about it at https://getcomposer.org/doc/01-basic-usage.md#installing-dependencies",
        "This file is @generated automatically"
    ],
    "content-hash": "767b680538a45bf0be9f0d5ef1552e0a",
    "packages": [
        {
            "name": "tivins/php-common",
            "version": "dev-main",
            "source": {
                "type": "git",
                "url": "https://github.com/tivins/php-common.git",
                "reference": "e3f06389b799f1439e218888c649f36416ac2c33"
            },
            "dist": {
                "type": "zip",
                "url": "https://api.github.com/repos/tivins/php-common/zipball/e3f06389b799f1439e218888c649f36416ac2c33",
                "reference": "e3f06389b799f1439e218888c649f36416ac2c33",
                "shasum": ""
            },
            "require": {
                "ext-mbstring": "*",
                "php": ">=8.1"
            },
            "require-dev": {
                "php-coveralls/php-coveralls": "^2.5",
                "phpunit/phpunit": "^9.5"
            },
            "default-branch": true,
            "type": "library",
            "autoload": {
                "psr-4": {
                    "Tivins\\": "src/lib/Tivins"
                }
            },
            "notification-url": "https://packagist.org/downloads/",
            "license": [
                "MIT"
            ],
            "authors": [
                {
                    "name": "Tivins"
                }
            ],
            "description": "PHP common classes",
            "support": {
                "issues": "https://github.com/tivins/php-common/issues",
                "source": "https://github.com/tivins/php-common/tree/main"
            },
            "time": "2022-01-07T22:16:35+00:00"
        }
    ],
    "packages-dev": [],
    "aliases": [],
    "minimum-stability": "stable",
    "stability-flags": {
        "tivins/php-common": 20
    },
    "prefer-stable": false,
    "prefer-lowest": false,
    "platform": {
        "php": "^8.1",
        "ext-simplexml": "*"
    },
    "platform-dev": [],
    "plugin-api-version": "2.2.0"
}
